
Microsoft Visual Studio Solution File, Format Version 12.00
# Visual Studio Version 17
VisualStudioVersion = 17.0.31903.59
MinimumVisualStudioVersion = 10.0.40219.1
Project("{FAE04EC0-301F-11D3-BF4B-00C04F79EFBC}") = "consoleProject", "ConsoleApp1\consoleProject.csproj", "{22CA27D6-8E83-41AE-9E7E-FA6416C82220}"
EndProject
Project("{FAE04EC0-301F-11D3-BF4B-00C04F79EFBC}") = "TestProject1", "TestProject1\TestProject1.csproj", "{50366E0C-D959-4CDE-A93B-A86CA58FA9BC}"
EndProject
Global
	GlobalSection(SolutionConfigurationPlatforms) = preSolution
		Debug|Any CPU = Debug|Any CPU
		Release|Any CPU = Release|Any CPU
	EndGlobalSection
	GlobalSection(ProjectConfigurationPlatforms) = postSolution
		{22CA27D6-8E83-41AE-9E7E-FA6416C82220}.Debug|Any CPU.ActiveCfg = Debug|Any CPU
		{22CA27D6-8E83-41AE-9E7E-FA6416C82220}.Debug|Any CPU.Build.0 = Debug|Any CPU
		{22CA27D6-8E83-41AE-9E7E-FA6416C82220}.Release|Any CPU.ActiveCfg = Release|Any CPU
		{22CA27D6-8E83-41AE-9E7E-FA6416C82220}.Release|Any CPU.Build.0 = Release|Any CPU
		{50366E0C-D959-4CDE-A93B-A86CA58FA9BC}.Debug|Any CPU.ActiveCfg = Debug|Any CPU
		{50366E0C-D959-4CDE-A93B-A86CA58FA9BC}.Debug|Any CPU.Build.0 = Debug|Any CPU
		{50366E0C-D959-4CDE-A93B-A86CA58FA9BC}.Release|Any CPU.ActiveCfg = Release|Any CPU
		{50366E0C-D959-4CDE-A93B-A86CA58FA9BC}.Release|Any CPU.Build.0 = Release|Any CPU
	EndGlobalSection
	GlobalSection(SolutionProperties) = preSolution
		HideSolutionNode = FALSE
	EndGlobalSection
	GlobalSection(ExtensibilityGlobals) = postSolution
		SolutionGuid = {9773C544-95D4-4967-8838-C9318D953F38}
	EndGlobalSection
EndGlobal
